// !$*UTF8*$!
{
	archiveVersion = 1;
	classes = {
	};
	objectVersion = 56;
	objects = {

/* Begin PBXBuildFile section */
		5849C1E32A3F36AD002F9C63 /* NetworkFetchManager.swift in Sources */ = {isa = PBXBuildFile; fileRef = 5849C1E22A3F36AD002F9C63 /* NetworkFetchManager.swift */; };
		5849C1E52A3F3B65002F9C63 /* ImagesData.swift in Sources */ = {isa = PBXBuildFile; fileRef = 5849C1E42A3F3B65002F9C63 /* ImagesData.swift */; };
		5849C1E72A3F5D66002F9C63 /* ImagesModel.swift in Sources */ = {isa = PBXBuildFile; fileRef = 5849C1E62A3F5D66002F9C63 /* ImagesModel.swift */; };
		5849C1E92A3F7030002F9C63 /* SearchResultsViewController.swift in Sources */ = {isa = PBXBuildFile; fileRef = 5849C1E82A3F7030002F9C63 /* SearchResultsViewController.swift */; };
		5849C1EC2A3F789C002F9C63 /* ImageCollectionViewCell.swift in Sources */ = {isa = PBXBuildFile; fileRef = 5849C1EB2A3F789C002F9C63 /* ImageCollectionViewCell.swift */; };
		584F9D512A3A4CA300E9B4BF /* AppDelegate.swift in Sources */ = {isa = PBXBuildFile; fileRef = 584F9D502A3A4CA300E9B4BF /* AppDelegate.swift */; };
		584F9D532A3A4CA300E9B4BF /* SceneDelegate.swift in Sources */ = {isa = PBXBuildFile; fileRef = 584F9D522A3A4CA300E9B4BF /* SceneDelegate.swift */; };
		584F9D552A3A4CA300E9B4BF /* StartViewController.swift in Sources */ = {isa = PBXBuildFile; fileRef = 584F9D542A3A4CA300E9B4BF /* StartViewController.swift */; };
		584F9D5A2A3A4CA400E9B4BF /* Assets.xcassets in Resources */ = {isa = PBXBuildFile; fileRef = 584F9D592A3A4CA400E9B4BF /* Assets.xcassets */; };
		584F9D5D2A3A4CA400E9B4BF /* LaunchScreen.storyboard in Resources */ = {isa = PBXBuildFile; fileRef = 584F9D5B2A3A4CA400E9B4BF /* LaunchScreen.storyboard */; };
		584F9D682A3A6FE600E9B4BF /* UIView+Extension.swift in Sources */ = {isa = PBXBuildFile; fileRef = 584F9D672A3A6FE600E9B4BF /* UIView+Extension.swift */; };
/* End PBXBuildFile section */

/* Begin PBXFileReference section */
		5849C1E22A3F36AD002F9C63 /* NetworkFetchManager.swift */ = {isa = PBXFileReference; lastKnownFileType = sourcecode.swift; path = NetworkFetchManager.swift; sourceTree = "<group>"; };
		5849C1E42A3F3B65002F9C63 /* ImagesData.swift */ = {isa = PBXFileReference; lastKnownFileType = sourcecode.swift; path = ImagesData.swift; sourceTree = "<group>"; };
		5849C1E62A3F5D66002F9C63 /* ImagesModel.swift */ = {isa = PBXFileReference; lastKnownFileType = sourcecode.swift; path = ImagesModel.swift; sourceTree = "<group>"; };
		5849C1E82A3F7030002F9C63 /* SearchResultsViewController.swift */ = {isa = PBXFileReference; lastKnownFileType = sourcecode.swift; path = SearchResultsViewController.swift; sourceTree = "<group>"; };
		5849C1EB2A3F789C002F9C63 /* ImageCollectionViewCell.swift */ = {isa = PBXFileReference; lastKnownFileType = sourcecode.swift; path = ImageCollectionViewCell.swift; sourceTree = "<group>"; };
		584F9D4D2A3A4CA300E9B4BF /* ImagesSearch.app */ = {isa = PBXFileReference; explicitFileType = wrapper.application; includeInIndex = 0; path = ImagesSearch.app; sourceTree = BUILT_PRODUCTS_DIR; };
		584F9D502A3A4CA300E9B4BF /* AppDelegate.swift */ = {isa = PBXFileReference; lastKnownFileType = sourcecode.swift; path = AppDelegate.swift; sourceTree = "<group>"; };
		584F9D522A3A4CA300E9B4BF /* SceneDelegate.swift */ = {isa = PBXFileReference; lastKnownFileType = sourcecode.swift; path = SceneDelegate.swift; sourceTree = "<group>"; };
		584F9D542A3A4CA300E9B4BF /* StartViewController.swift */ = {isa = PBXFileReference; lastKnownFileType = sourcecode.swift; path = StartViewController.swift; sourceTree = "<group>"; };
		584F9D592A3A4CA400E9B4BF /* Assets.xcassets */ = {isa = PBXFileReference; lastKnownFileType = folder.assetcatalog; path = Assets.xcassets; sourceTree = "<group>"; };
		584F9D5C2A3A4CA400E9B4BF /* Base */ = {isa = PBXFileReference; lastKnownFileType = file.storyboard; name = Base; path = Base.lproj/LaunchScreen.storyboard; sourceTree = "<group>"; };
		584F9D5E2A3A4CA400E9B4BF /* Info.plist */ = {isa = PBXFileReference; lastKnownFileType = text.plist.xml; path = Info.plist; sourceTree = "<group>"; };
		584F9D672A3A6FE600E9B4BF /* UIView+Extension.swift */ = {isa = PBXFileReference; lastKnownFileType = sourcecode.swift; path = "UIView+Extension.swift"; sourceTree = "<group>"; };
/* End PBXFileReference section */

/* Begin PBXFrameworksBuildPhase section */
		584F9D4A2A3A4CA300E9B4BF /* Frameworks */ = {
			isa = PBXFrameworksBuildPhase;
			buildActionMask = 2147483647;
			files = (
			);
			runOnlyForDeploymentPostprocessing = 0;
		};
/* End PBXFrameworksBuildPhase section */

/* Begin PBXGroup section */
		5849C1E02A3F363D002F9C63 /* DataModel */ = {
			isa = PBXGroup;
			children = (
				5849C1E42A3F3B65002F9C63 /* ImagesData.swift */,
				5849C1E62A3F5D66002F9C63 /* ImagesModel.swift */,
			);
			path = DataModel;
			sourceTree = "<group>";
		};
		5849C1E12A3F368F002F9C63 /* Manager */ = {
			isa = PBXGroup;
			children = (
				5849C1E22A3F36AD002F9C63 /* NetworkFetchManager.swift */,
			);
			path = Manager;
			sourceTree = "<group>";
		};
		5849C1EA2A3F785F002F9C63 /* Cell */ = {
			isa = PBXGroup;
			children = (
				5849C1EB2A3F789C002F9C63 /* ImageCollectionViewCell.swift */,
			);
			path = Cell;
			sourceTree = "<group>";
		};
		584F9D442A3A4CA300E9B4BF = {
			isa = PBXGroup;
			children = (
				584F9D4F2A3A4CA300E9B4BF /* ImagesSearch */,
				584F9D4E2A3A4CA300E9B4BF /* Products */,
			);
			sourceTree = "<group>";
		};
		584F9D4E2A3A4CA300E9B4BF /* Products */ = {
			isa = PBXGroup;
			children = (
				584F9D4D2A3A4CA300E9B4BF /* ImagesSearch.app */,
			);
			name = Products;
			sourceTree = "<group>";
		};
		584F9D4F2A3A4CA300E9B4BF /* ImagesSearch */ = {
			isa = PBXGroup;
			children = (
				584F9D642A3A58DE00E9B4BF /* Applications */,
				584F9D652A3A58F800E9B4BF /* Controllers */,
				5849C1EA2A3F785F002F9C63 /* Cell */,
				5849C1E02A3F363D002F9C63 /* DataModel */,
				5849C1E12A3F368F002F9C63 /* Manager */,
				584F9D692A3A6FEC00E9B4BF /* Extension */,
				584F9D662A3A592C00E9B4BF /* Resources */,
			);
			path = ImagesSearch;
			sourceTree = "<group>";
		};
		584F9D642A3A58DE00E9B4BF /* Applications */ = {
			isa = PBXGroup;
			children = (
				584F9D502A3A4CA300E9B4BF /* AppDelegate.swift */,
				584F9D522A3A4CA300E9B4BF /* SceneDelegate.swift */,
			);
			path = Applications;
			sourceTree = "<group>";
		};
		584F9D652A3A58F800E9B4BF /* Controllers */ = {
			isa = PBXGroup;
			children = (
				584F9D542A3A4CA300E9B4BF /* StartViewController.swift */,
				5849C1E82A3F7030002F9C63 /* SearchResultsViewController.swift */,
			);
			path = Controllers;
			sourceTree = "<group>";
		};
		584F9D662A3A592C00E9B4BF /* Resources */ = {
			isa = PBXGroup;
			children = (
				584F9D592A3A4CA400E9B4BF /* Assets.xcassets */,
				584F9D5B2A3A4CA400E9B4BF /* LaunchScreen.storyboard */,
				584F9D5E2A3A4CA400E9B4BF /* Info.plist */,
			);
			path = Resources;
			sourceTree = "<group>";
		};
		584F9D692A3A6FEC00E9B4BF /* Extension */ = {
			isa = PBXGroup;
			children = (
				584F9D672A3A6FE600E9B4BF /* UIView+Extension.swift */,
			);
			path = Extension;
			sourceTree = "<group>";
		};
/* End PBXGroup section */

/* Begin PBXNativeTarget section */
		584F9D4C2A3A4CA300E9B4BF /* ImagesSearch */ = {
			isa = PBXNativeTarget;
			buildConfigurationList = 584F9D612A3A4CA400E9B4BF /* Build configuration list for PBXNativeTarget "ImagesSearch" */;
			buildPhases = (
				584F9D492A3A4CA300E9B4BF /* Sources */,
				584F9D4A2A3A4CA300E9B4BF /* Frameworks */,
				584F9D4B2A3A4CA300E9B4BF /* Resources */,
			);
			buildRules = (
			);
			dependencies = (
			);
			name = ImagesSearch;
			productName = ImagesSearch;
			productReference = 584F9D4D2A3A4CA300E9B4BF /* ImagesSearch.app */;
			productType = "com.apple.product-type.application";
		};
/* End PBXNativeTarget section */

/* Begin PBXProject section */
		584F9D452A3A4CA300E9B4BF /* Project object */ = {
			isa = PBXProject;
			attributes = {
				BuildIndependentTargetsInParallel = 1;
				LastSwiftUpdateCheck = 1420;
				LastUpgradeCheck = 1420;
				TargetAttributes = {
					584F9D4C2A3A4CA300E9B4BF = {
						CreatedOnToolsVersion = 14.2;
					};
				};
			};
			buildConfigurationList = 584F9D482A3A4CA300E9B4BF /* Build configuration list for PBXProject "ImagesSearch" */;
			compatibilityVersion = "Xcode 14.0";
			developmentRegion = en;
			hasScannedForEncodings = 0;
			knownRegions = (
				en,
				Base,
			);
			mainGroup = 584F9D442A3A4CA300E9B4BF;
			productRefGroup = 584F9D4E2A3A4CA300E9B4BF /* Products */;
			projectDirPath = "";
			projectRoot = "";
			targets = (
				584F9D4C2A3A4CA300E9B4BF /* ImagesSearch */,
			);
		};
/* End PBXProject section */

/* Begin PBXResourcesBuildPhase section */
		584F9D4B2A3A4CA300E9B4BF /* Resources */ = {
			isa = PBXResourcesBuildPhase;
			buildActionMask = 2147483647;
			files = (
				584F9D5D2A3A4CA400E9B4BF /* LaunchScreen.storyboard in Resources */,
				584F9D5A2A3A4CA400E9B4BF /* Assets.xcassets in Resources */,
			);
			runOnlyForDeploymentPostprocessing = 0;
		};
/* End PBXResourcesBuildPhase section */

/* Begin PBXSourcesBuildPhase section */
		584F9D492A3A4CA300E9B4BF /* Sources */ = {
			isa = PBXSourcesBuildPhase;
			buildActionMask = 2147483647;
			files = (
				5849C1E52A3F3B65002F9C63 /* ImagesData.swift in Sources */,
				5849C1E92A3F7030002F9C63 /* SearchResultsViewController.swift in Sources */,
				5849C1E72A3F5D66002F9C63 /* ImagesModel.swift in Sources */,
				584F9D552A3A4CA300E9B4BF /* StartViewController.swift in Sources */,
				584F9D512A3A4CA300E9B4BF /* AppDelegate.swift in Sources */,
				584F9D682A3A6FE600E9B4BF /* UIView+Extension.swift in Sources */,
				5849C1EC2A3F789C002F9C63 /* ImageCollectionViewCell.swift in Sources */,
				584F9D532A3A4CA300E9B4BF /* SceneDelegate.swift in Sources */,
				5849C1E32A3F36AD002F9C63 /* NetworkFetchManager.swift in Sources */,
			);
			runOnlyForDeploymentPostprocessing = 0;
		};
/* End PBXSourcesBuildPhase section */

/* Begin PBXVariantGroup section */
		584F9D5B2A3A4CA400E9B4BF /* LaunchScreen.storyboard */ = {
			isa = PBXVariantGroup;
			children = (
				584F9D5C2A3A4CA400E9B4BF /* Base */,
			);
			name = LaunchScreen.storyboard;
			sourceTree = "<group>";
		};
/* End PBXVariantGroup section */

/* Begin XCBuildConfiguration section */
		584F9D5F2A3A4CA400E9B4BF /* Debug */ = {
			isa = XCBuildConfiguration;
			buildSettings = {
				ALWAYS_SEARCH_USER_PATHS = NO;
				CLANG_ANALYZER_NONNULL = YES;
				CLANG_ANALYZER_NUMBER_OBJECT_CONVERSION = YES_AGGRESSIVE;
				CLANG_CXX_LANGUAGE_STANDARD = "gnu++20";
				CLANG_ENABLE_MODULES = YES;
				CLANG_ENABLE_OBJC_ARC = YES;
				CLANG_ENABLE_OBJC_WEAK = YES;
				CLANG_WARN_BLOCK_CAPTURE_AUTORELEASING = YES;
				CLANG_WARN_BOOL_CONVERSION = YES;
				CLANG_WARN_COMMA = YES;
				CLANG_WARN_CONSTANT_CONVERSION = YES;
				CLANG_WARN_DEPRECATED_OBJC_IMPLEMENTATIONS = YES;
				CLANG_WARN_DIRECT_OBJC_ISA_USAGE = YES_ERROR;
				CLANG_WARN_DOCUMENTATION_COMMENTS = YES;
				CLANG_WARN_EMPTY_BODY = YES;
				CLANG_WARN_ENUM_CONVERSION = YES;
				CLANG_WARN_INFINITE_RECURSION = YES;
				CLANG_WARN_INT_CONVERSION = YES;
				CLANG_WARN_NON_LITERAL_NULL_CONVERSION = YES;
				CLANG_WARN_OBJC_IMPLICIT_RETAIN_SELF = YES;
				CLANG_WARN_OBJC_LITERAL_CONVERSION = YES;
				CLANG_WARN_OBJC_ROOT_CLASS = YES_ERROR;
				CLANG_WARN_QUOTED_INCLUDE_IN_FRAMEWORK_HEADER = YES;
				CLANG_WARN_RANGE_LOOP_ANALYSIS = YES;
				CLANG_WARN_STRICT_PROTOTYPES = YES;
				CLANG_WARN_SUSPICIOUS_MOVE = YES;
				CLANG_WARN_UNGUARDED_AVAILABILITY = YES_AGGRESSIVE;
				CLANG_WARN_UNREACHABLE_CODE = YES;
				CLANG_WARN__DUPLICATE_METHOD_MATCH = YES;
				COPY_PHASE_STRIP = NO;
				DEBUG_INFORMATION_FORMAT = dwarf;
				ENABLE_STRICT_OBJC_MSGSEND = YES;
				ENABLE_TESTABILITY = YES;
				GCC_C_LANGUAGE_STANDARD = gnu11;
				GCC_DYNAMIC_NO_PIC = NO;
				GCC_NO_COMMON_BLOCKS = YES;
				GCC_OPTIMIZATION_LEVEL = 0;
				GCC_PREPROCESSOR_DEFINITIONS = (
					"DEBUG=1",
					"$(inherited)",
				);
				GCC_WARN_64_TO_32_BIT_CONVERSION = YES;
				GCC_WARN_ABOUT_RETURN_TYPE = YES_ERROR;
				GCC_WARN_UNDECLARED_SELECTOR = YES;
				GCC_WARN_UNINITIALIZED_AUTOS = YES_AGGRESSIVE;
				GCC_WARN_UNUSED_FUNCTION = YES;
				GCC_WARN_UNUSED_VARIABLE = YES;
				IPHONEOS_DEPLOYMENT_TARGET = 16.2;
				MTL_ENABLE_DEBUG_INFO = INCLUDE_SOURCE;
				MTL_FAST_MATH = YES;
				ONLY_ACTIVE_ARCH = YES;
				SDKROOT = iphoneos;
				SWIFT_ACTIVE_COMPILATION_CONDITIONS = DEBUG;
				SWIFT_OPTIMIZATION_LEVEL = "-Onone";
			};
			name = Debug;
		};
		584F9D602A3A4CA400E9B4BF /* Release */ = {
			isa = XCBuildConfiguration;
			buildSettings = {
				ALWAYS_SEARCH_USER_PATHS = NO;
				CLANG_ANALYZER_NONNULL = YES;
				CLANG_ANALYZER_NUMBER_OBJECT_CONVERSION = YES_AGGRESSIVE;
				CLANG_CXX_LANGUAGE_STANDARD = "gnu++20";
				CLANG_ENABLE_MODULES = YES;
				CLANG_ENABLE_OBJC_ARC = YES;
				CLANG_ENABLE_OBJC_WEAK = YES;
				CLANG_WARN_BLOCK_CAPTURE_AUTORELEASING = YES;
				CLANG_WARN_BOOL_CONVERSION = YES;
				CLANG_WARN_COMMA = YES;
				CLANG_WARN_CONSTANT_CONVERSION = YES;
				CLANG_WARN_DEPRECATED_OBJC_IMPLEMENTATIONS = YES;
				CLANG_WARN_DIRECT_OBJC_ISA_USAGE = YES_ERROR;
				CLANG_WARN_DOCUMENTATION_COMMENTS = YES;
				CLANG_WARN_EMPTY_BODY = YES;
				CLANG_WARN_ENUM_CONVERSION = YES;
				CLANG_WARN_INFINITE_RECURSION = YES;
				CLANG_WARN_INT_CONVERSION = YES;
				CLANG_WARN_NON_LITERAL_NULL_CONVERSION = YES;
				CLANG_WARN_OBJC_IMPLICIT_RETAIN_SELF = YES;
				CLANG_WARN_OBJC_LITERAL_CONVERSION = YES;
				CLANG_WARN_OBJC_ROOT_CLASS = YES_ERROR;
				CLANG_WARN_QUOTED_INCLUDE_IN_FRAMEWORK_HEADER = YES;
				CLANG_WARN_RANGE_LOOP_ANALYSIS = YES;
				CLANG_WARN_STRICT_PROTOTYPES = YES;
				CLANG_WARN_SUSPICIOUS_MOVE = YES;
				CLANG_WARN_UNGUARDED_AVAILABILITY = YES_AGGRESSIVE;
				CLANG_WARN_UNREACHABLE_CODE = YES;
				CLANG_WARN__DUPLICATE_METHOD_MATCH = YES;
				COPY_PHASE_STRIP = NO;
				DEBUG_INFORMATION_FORMAT = "dwarf-with-dsym";
				ENABLE_NS_ASSERTIONS = NO;
				ENABLE_STRICT_OBJC_MSGSEND = YES;
				GCC_C_LANGUAGE_STANDARD = gnu11;
				GCC_NO_COMMON_BLOCKS = YES;
				GCC_WARN_64_TO_32_BIT_CONVERSION = YES;
				GCC_WARN_ABOUT_RETURN_TYPE = YES_ERROR;
				GCC_WARN_UNDECLARED_SELECTOR = YES;
				GCC_WARN_UNINITIALIZED_AUTOS = YES_AGGRESSIVE;
				GCC_WARN_UNUSED_FUNCTION = YES;
				GCC_WARN_UNUSED_VARIABLE = YES;
				IPHONEOS_DEPLOYMENT_TARGET = 16.2;
				MTL_ENABLE_DEBUG_INFO = NO;
				MTL_FAST_MATH = YES;
				SDKROOT = iphoneos;
				SWIFT_COMPILATION_MODE = wholemodule;
				SWIFT_OPTIMIZATION_LEVEL = "-O";
				VALIDATE_PRODUCT = YES;
			};
			name = Release;
		};
		584F9D622A3A4CA400E9B4BF /* Debug */ = {
			isa = XCBuildConfiguration;
			buildSettings = {
				ASSETCATALOG_COMPILER_APPICON_NAME = AppIcon;
				ASSETCATALOG_COMPILER_GLOBAL_ACCENT_COLOR_NAME = AccentColor;
				CODE_SIGN_STYLE = Automatic;
				CURRENT_PROJECT_VERSION = 1;
				GENERATE_INFOPLIST_FILE = YES;
				INFOPLIST_FILE = ImagesSearch/Resources/Info.plist;
				INFOPLIST_KEY_UIApplicationSupportsIndirectInputEvents = YES;
				INFOPLIST_KEY_UILaunchStoryboardName = LaunchScreen;
				INFOPLIST_KEY_UISupportedInterfaceOrientations_iPad = "UIInterfaceOrientationPortrait UIInterfaceOrientationPortraitUpsideDown UIInterfaceOrientationLandscapeLeft UIInterfaceOrientationLandscapeRight";
				INFOPLIST_KEY_UISupportedInterfaceOrientations_iPhone = "UIInterfaceOrientationPortrait UIInterfaceOrientationLandscapeLeft UIInterfaceOrientationLandscapeRight";
				LD_RUNPATH_SEARCH_PATHS = (
					"$(inherited)",
					"@executable_path/Frameworks",
				);
				MARKETING_VERSION = 1.0;
				PRODUCT_BUNDLE_IDENTIFIER = sov.ImagesSearch;
				PRODUCT_NAME = "$(TARGET_NAME)";
				SWIFT_EMIT_LOC_STRINGS = YES;
				SWIFT_VERSION = 5.0;
				TARGETED_DEVICE_FAMILY = "1,2";
			};
			name = Debug;
		};
		584F9D632A3A4CA400E9B4BF /* Release */ = {
			isa = XCBuildConfiguration;
			buildSettings = {
				ASSETCATALOG_COMPILER_APPICON_NAME = AppIcon;
				ASSETCATALOG_COMPILER_GLOBAL_ACCENT_COLOR_NAME = AccentColor;
				CODE_SIGN_STYLE = Automatic;
				CURRENT_PROJECT_VERSION = 1;
				GENERATE_INFOPLIST_FILE = YES;
				INFOPLIST_FILE = ImagesSearch/Resources/Info.plist;
				INFOPLIST_KEY_UIApplicationSupportsIndirectInputEvents = YES;
				INFOPLIST_KEY_UILaunchStoryboardName = LaunchScreen;
				INFOPLIST_KEY_UISupportedInterfaceOrientations_iPad = "UIInterfaceOrientationPortrait UIInterfaceOrientationPortraitUpsideDown UIInterfaceOrientationLandscapeLeft UIInterfaceOrientationLandscapeRight";
				INFOPLIST_KEY_UISupportedInterfaceOrientations_iPhone = "UIInterfaceOrientationPortrait UIInterfaceOrientationLandscapeLeft UIInterfaceOrientationLandscapeRight";
				LD_RUNPATH_SEARCH_PATHS = (
					"$(inherited)",
					"@executable_path/Frameworks",
				);
				MARKETING_VERSION = 1.0;
				PRODUCT_BUNDLE_IDENTIFIER = sov.ImagesSearch;
				PRODUCT_NAME = "$(TARGET_NAME)";
				SWIFT_EMIT_LOC_STRINGS = YES;
				SWIFT_VERSION = 5.0;
				TARGETED_DEVICE_FAMILY = "1,2";
			};
			name = Release;
		};
/* End XCBuildConfiguration section */

/* Begin XCConfigurationList section */
		584F9D482A3A4CA300E9B4BF /* Build configuration list for PBXProject "ImagesSearch" */ = {
			isa = XCConfigurationList;
			buildConfigurations = (
				584F9D5F2A3A4CA400E9B4BF /* Debug */,
				584F9D602A3A4CA400E9B4BF /* Release */,
			);
			defaultConfigurationIsVisible = 0;
			defaultConfigurationName = Release;
		};
		584F9D612A3A4CA400E9B4BF /* Build configuration list for PBXNativeTarget "ImagesSearch" */ = {
			isa = XCConfigurationList;
			buildConfigurations = (
				584F9D622A3A4CA400E9B4BF /* Debug */,
				584F9D632A3A4CA400E9B4BF /* Release */,
			);
			defaultConfigurationIsVisible = 0;
			defaultConfigurationName = Release;
		};
/* End XCConfigurationList section */
	};
	rootObject = 584F9D452A3A4CA300E9B4BF /* Project object */;
}
