// !$*UTF8*$!
{
	archiveVersion = 1;
	classes = {
	};
	objectVersion = 56;
	objects = {

/* Begin PBXBuildFile section */
		207C8AD12A80E0E000E1B8A5 /* URLConstans.swift in Sources */ = {isa = PBXBuildFile; fileRef = 207C8AD02A80E0E000E1B8A5 /* URLConstans.swift */; };
		5849C1E32A3F36AD002F9C63 /* NetworkManager.swift in Sources */ = {isa = PBXBuildFile; fileRef = 5849C1E22A3F36AD002F9C63 /* NetworkManager.swift */; };
		5849C1E52A3F3B65002F9C63 /* ImagesData.swift in Sources */ = {isa = PBXBuildFile; fileRef = 5849C1E42A3F3B65002F9C63 /* ImagesData.swift */; };
		5849C1E92A3F7030002F9C63 /* FindPictureViewController.swift in Sources */ = {isa = PBXBuildFile; fileRef = 5849C1E82A3F7030002F9C63 /* FindPictureViewController.swift */; };
		5849C1EC2A3F789C002F9C63 /* ImageCell.swift in Sources */ = {isa = PBXBuildFile; fileRef = 5849C1EB2A3F789C002F9C63 /* ImageCell.swift */; };
		584F9D512A3A4CA300E9B4BF /* AppDelegate.swift in Sources */ = {isa = PBXBuildFile; fileRef = 584F9D502A3A4CA300E9B4BF /* AppDelegate.swift */; };
		584F9D532A3A4CA300E9B4BF /* SceneDelegate.swift in Sources */ = {isa = PBXBuildFile; fileRef = 584F9D522A3A4CA300E9B4BF /* SceneDelegate.swift */; };
		584F9D552A3A4CA300E9B4BF /* StartSaerchViewController.swift in Sources */ = {isa = PBXBuildFile; fileRef = 584F9D542A3A4CA300E9B4BF /* StartSaerchViewController.swift */; };
		584F9D5A2A3A4CA400E9B4BF /* Assets.xcassets in Resources */ = {isa = PBXBuildFile; fileRef = 584F9D592A3A4CA400E9B4BF /* Assets.xcassets */; };
		584F9D5D2A3A4CA400E9B4BF /* LaunchScreen.storyboard in Resources */ = {isa = PBXBuildFile; fileRef = 584F9D5B2A3A4CA400E9B4BF /* LaunchScreen.storyboard */; };
		584F9D682A3A6FE600E9B4BF /* UIView+Extension.swift in Sources */ = {isa = PBXBuildFile; fileRef = 584F9D672A3A6FE600E9B4BF /* UIView+Extension.swift */; };
		587DF7D42A7EAD2300FED349 /* ViewController+Share.swift in Sources */ = {isa = PBXBuildFile; fileRef = 587DF7D32A7EAD2200FED349 /* ViewController+Share.swift */; };
		58AC38AC2A779AFC00D47006 /* SDWebImage in Frameworks */ = {isa = PBXBuildFile; productRef = 58AC38AB2A779AFC00D47006 /* SDWebImage */; };
		58C3B25E2A44642C00DB2776 /* HeaderCollectionView.swift in Sources */ = {isa = PBXBuildFile; fileRef = 58C3B25D2A44642C00DB2776 /* HeaderCollectionView.swift */; };
		58C3B2602A44648900DB2776 /* RelatedCell.swift in Sources */ = {isa = PBXBuildFile; fileRef = 58C3B25F2A44648900DB2776 /* RelatedCell.swift */; };
		58FE33682A755EDE004C577D /* SortModel.swift in Sources */ = {isa = PBXBuildFile; fileRef = 58FE33672A755EDE004C577D /* SortModel.swift */; };
		58FE336A2A755F2E004C577D /* ImageConstants.swift in Sources */ = {isa = PBXBuildFile; fileRef = 58FE33692A755F2E004C577D /* ImageConstants.swift */; };
		58FE336C2A755F96004C577D /* PaddedLabel.swift in Sources */ = {isa = PBXBuildFile; fileRef = 58FE336B2A755F96004C577D /* PaddedLabel.swift */; };
		58FE336E2A755FE6004C577D /* TextField+Extension.swift in Sources */ = {isa = PBXBuildFile; fileRef = 58FE336D2A755FE6004C577D /* TextField+Extension.swift */; };
		58FE33722A75609E004C577D /* String+Extention.swift in Sources */ = {isa = PBXBuildFile; fileRef = 58FE33712A75609E004C577D /* String+Extention.swift */; };
		58FE33752A756115004C577D /* NetworkErrorsEnum.swift in Sources */ = {isa = PBXBuildFile; fileRef = 58FE33742A756115004C577D /* NetworkErrorsEnum.swift */; };
		58FE337A2A75635C004C577D /* CompositionalLayout.swift in Sources */ = {isa = PBXBuildFile; fileRef = 58FE33792A75635C004C577D /* CompositionalLayout.swift */; };
		58FE337F2A756892004C577D /* TopView.swift in Sources */ = {isa = PBXBuildFile; fileRef = 58FE337E2A756892004C577D /* TopView.swift */; };
		58FE33832A75701A004C577D /* ImagePageViewController.swift in Sources */ = {isa = PBXBuildFile; fileRef = 58FE33822A75701A004C577D /* ImagePageViewController.swift */; };
		58FE33852A75708D004C577D /* PreviewImageView.swift in Sources */ = {isa = PBXBuildFile; fileRef = 58FE33842A75708D004C577D /* PreviewImageView.swift */; };
		58FE33872A7570FE004C577D /* BottomCollectionView.swift in Sources */ = {isa = PBXBuildFile; fileRef = 58FE33862A7570FE004C577D /* BottomCollectionView.swift */; };
		58FE338A2A7572DD004C577D /* BottomCollectionCell.swift in Sources */ = {isa = PBXBuildFile; fileRef = 58FE33892A7572DD004C577D /* BottomCollectionCell.swift */; };
		58FE338D2A7574E7004C577D /* ZoomImageViewController.swift in Sources */ = {isa = PBXBuildFile; fileRef = 58FE338C2A7574E7004C577D /* ZoomImageViewController.swift */; };
		58FE338F2A764DE2004C577D /* TitleConstants.swift in Sources */ = {isa = PBXBuildFile; fileRef = 58FE338E2A764DE2004C577D /* TitleConstants.swift */; };
		58FE33912A76B90B004C577D /* StartSearchVC+SortingMenu.swift in Sources */ = {isa = PBXBuildFile; fileRef = 58FE33902A76B90B004C577D /* StartSearchVC+SortingMenu.swift */; };
		58FE33932A76BC4B004C577D /* StartSearchVC+UIConfig.swift in Sources */ = {isa = PBXBuildFile; fileRef = 58FE33922A76BC4B004C577D /* StartSearchVC+UIConfig.swift */; };
		58FE33952A76BEE5004C577D /* FindPictVC + UIMenu.swift in Sources */ = {isa = PBXBuildFile; fileRef = 58FE33942A76BEE5004C577D /* FindPictVC + UIMenu.swift */; };
		58FE33972A76C257004C577D /* FindPictVC + CollectionView.swift in Sources */ = {isa = PBXBuildFile; fileRef = 58FE33962A76C257004C577D /* FindPictVC + CollectionView.swift */; };
		58FE33992A76CBB0004C577D /* ImagePageVC + UIMenu.swift in Sources */ = {isa = PBXBuildFile; fileRef = 58FE33982A76CBB0004C577D /* ImagePageVC + UIMenu.swift */; };
/* End PBXBuildFile section */

/* Begin PBXFileReference section */
		207C8AD02A80E0E000E1B8A5 /* URLConstans.swift */ = {isa = PBXFileReference; lastKnownFileType = sourcecode.swift; path = URLConstans.swift; sourceTree = "<group>"; };
		5849C1E22A3F36AD002F9C63 /* NetworkManager.swift */ = {isa = PBXFileReference; lastKnownFileType = sourcecode.swift; path = NetworkManager.swift; sourceTree = "<group>"; };
		5849C1E42A3F3B65002F9C63 /* ImagesData.swift */ = {isa = PBXFileReference; lastKnownFileType = sourcecode.swift; path = ImagesData.swift; sourceTree = "<group>"; };
		5849C1E82A3F7030002F9C63 /* FindPictureViewController.swift */ = {isa = PBXFileReference; lastKnownFileType = sourcecode.swift; path = FindPictureViewController.swift; sourceTree = "<group>"; };
		5849C1EB2A3F789C002F9C63 /* ImageCell.swift */ = {isa = PBXFileReference; lastKnownFileType = sourcecode.swift; path = ImageCell.swift; sourceTree = "<group>"; };
		584F9D4D2A3A4CA300E9B4BF /* ImagesSearch.app */ = {isa = PBXFileReference; explicitFileType = wrapper.application; includeInIndex = 0; path = ImagesSearch.app; sourceTree = BUILT_PRODUCTS_DIR; };
		584F9D502A3A4CA300E9B4BF /* AppDelegate.swift */ = {isa = PBXFileReference; lastKnownFileType = sourcecode.swift; path = AppDelegate.swift; sourceTree = "<group>"; };
		584F9D522A3A4CA300E9B4BF /* SceneDelegate.swift */ = {isa = PBXFileReference; lastKnownFileType = sourcecode.swift; path = SceneDelegate.swift; sourceTree = "<group>"; };
		584F9D542A3A4CA300E9B4BF /* StartSaerchViewController.swift */ = {isa = PBXFileReference; lastKnownFileType = sourcecode.swift; path = StartSaerchViewController.swift; sourceTree = "<group>"; };
		584F9D592A3A4CA400E9B4BF /* Assets.xcassets */ = {isa = PBXFileReference; lastKnownFileType = folder.assetcatalog; path = Assets.xcassets; sourceTree = "<group>"; };
		584F9D5C2A3A4CA400E9B4BF /* Base */ = {isa = PBXFileReference; lastKnownFileType = file.storyboard; name = Base; path = Base.lproj/LaunchScreen.storyboard; sourceTree = "<group>"; };
		584F9D5E2A3A4CA400E9B4BF /* Info.plist */ = {isa = PBXFileReference; lastKnownFileType = text.plist.xml; path = Info.plist; sourceTree = "<group>"; };
		584F9D672A3A6FE600E9B4BF /* UIView+Extension.swift */ = {isa = PBXFileReference; lastKnownFileType = sourcecode.swift; path = "UIView+Extension.swift"; sourceTree = "<group>"; };
		587DF7D32A7EAD2200FED349 /* ViewController+Share.swift */ = {isa = PBXFileReference; lastKnownFileType = sourcecode.swift; path = "ViewController+Share.swift"; sourceTree = "<group>"; };
		58C3B25D2A44642C00DB2776 /* HeaderCollectionView.swift */ = {isa = PBXFileReference; lastKnownFileType = sourcecode.swift; path = HeaderCollectionView.swift; sourceTree = "<group>"; };
		58C3B25F2A44648900DB2776 /* RelatedCell.swift */ = {isa = PBXFileReference; lastKnownFileType = sourcecode.swift; path = RelatedCell.swift; sourceTree = "<group>"; };
		58FE33672A755EDE004C577D /* SortModel.swift */ = {isa = PBXFileReference; lastKnownFileType = sourcecode.swift; path = SortModel.swift; sourceTree = "<group>"; };
		58FE33692A755F2E004C577D /* ImageConstants.swift */ = {isa = PBXFileReference; lastKnownFileType = sourcecode.swift; path = ImageConstants.swift; sourceTree = "<group>"; };
		58FE336B2A755F96004C577D /* PaddedLabel.swift */ = {isa = PBXFileReference; lastKnownFileType = sourcecode.swift; path = PaddedLabel.swift; sourceTree = "<group>"; };
		58FE336D2A755FE6004C577D /* TextField+Extension.swift */ = {isa = PBXFileReference; lastKnownFileType = sourcecode.swift; path = "TextField+Extension.swift"; sourceTree = "<group>"; };
		58FE33712A75609E004C577D /* String+Extention.swift */ = {isa = PBXFileReference; lastKnownFileType = sourcecode.swift; path = "String+Extention.swift"; sourceTree = "<group>"; };
		58FE33742A756115004C577D /* NetworkErrorsEnum.swift */ = {isa = PBXFileReference; lastKnownFileType = sourcecode.swift; path = NetworkErrorsEnum.swift; sourceTree = "<group>"; };
		58FE33792A75635C004C577D /* CompositionalLayout.swift */ = {isa = PBXFileReference; lastKnownFileType = sourcecode.swift; path = CompositionalLayout.swift; sourceTree = "<group>"; };
		58FE337E2A756892004C577D /* TopView.swift */ = {isa = PBXFileReference; lastKnownFileType = sourcecode.swift; path = TopView.swift; sourceTree = "<group>"; };
		58FE33822A75701A004C577D /* ImagePageViewController.swift */ = {isa = PBXFileReference; lastKnownFileType = sourcecode.swift; path = ImagePageViewController.swift; sourceTree = "<group>"; };
		58FE33842A75708D004C577D /* PreviewImageView.swift */ = {isa = PBXFileReference; lastKnownFileType = sourcecode.swift; path = PreviewImageView.swift; sourceTree = "<group>"; };
		58FE33862A7570FE004C577D /* BottomCollectionView.swift */ = {isa = PBXFileReference; lastKnownFileType = sourcecode.swift; path = BottomCollectionView.swift; sourceTree = "<group>"; };
		58FE33892A7572DD004C577D /* BottomCollectionCell.swift */ = {isa = PBXFileReference; lastKnownFileType = sourcecode.swift; path = BottomCollectionCell.swift; sourceTree = "<group>"; };
		58FE338C2A7574E7004C577D /* ZoomImageViewController.swift */ = {isa = PBXFileReference; lastKnownFileType = sourcecode.swift; path = ZoomImageViewController.swift; sourceTree = "<group>"; };
		58FE338E2A764DE2004C577D /* TitleConstants.swift */ = {isa = PBXFileReference; lastKnownFileType = sourcecode.swift; path = TitleConstants.swift; sourceTree = "<group>"; };
		58FE33902A76B90B004C577D /* StartSearchVC+SortingMenu.swift */ = {isa = PBXFileReference; lastKnownFileType = sourcecode.swift; path = "StartSearchVC+SortingMenu.swift"; sourceTree = "<group>"; };
		58FE33922A76BC4B004C577D /* StartSearchVC+UIConfig.swift */ = {isa = PBXFileReference; lastKnownFileType = sourcecode.swift; path = "StartSearchVC+UIConfig.swift"; sourceTree = "<group>"; };
		58FE33942A76BEE5004C577D /* FindPictVC + UIMenu.swift */ = {isa = PBXFileReference; lastKnownFileType = sourcecode.swift; path = "FindPictVC + UIMenu.swift"; sourceTree = "<group>"; };
		58FE33962A76C257004C577D /* FindPictVC + CollectionView.swift */ = {isa = PBXFileReference; lastKnownFileType = sourcecode.swift; path = "FindPictVC + CollectionView.swift"; sourceTree = "<group>"; };
		58FE33982A76CBB0004C577D /* ImagePageVC + UIMenu.swift */ = {isa = PBXFileReference; lastKnownFileType = sourcecode.swift; path = "ImagePageVC + UIMenu.swift"; sourceTree = "<group>"; };
/* End PBXFileReference section */

/* Begin PBXFrameworksBuildPhase section */
		584F9D4A2A3A4CA300E9B4BF /* Frameworks */ = {
			isa = PBXFrameworksBuildPhase;
			buildActionMask = 2147483647;
			files = (
				58AC38AC2A779AFC00D47006 /* SDWebImage in Frameworks */,
			);
			runOnlyForDeploymentPostprocessing = 0;
		};
/* End PBXFrameworksBuildPhase section */

/* Begin PBXGroup section */
		5849C1E02A3F363D002F9C63 /* DataModel */ = {
			isa = PBXGroup;
			children = (
				5849C1E42A3F3B65002F9C63 /* ImagesData.swift */,
			);
			path = DataModel;
			sourceTree = "<group>";
		};
		5849C1EA2A3F785F002F9C63 /* Cell */ = {
			isa = PBXGroup;
			children = (
				58C3B25D2A44642C00DB2776 /* HeaderCollectionView.swift */,
				58C3B25F2A44648900DB2776 /* RelatedCell.swift */,
				5849C1EB2A3F789C002F9C63 /* ImageCell.swift */,
			);
			path = Cell;
			sourceTree = "<group>";
		};
		584F9D442A3A4CA300E9B4BF = {
			isa = PBXGroup;
			children = (
				584F9D4F2A3A4CA300E9B4BF /* ImagesSearch */,
				584F9D4E2A3A4CA300E9B4BF /* Products */,
			);
			sourceTree = "<group>";
		};
		584F9D4E2A3A4CA300E9B4BF /* Products */ = {
			isa = PBXGroup;
			children = (
				584F9D4D2A3A4CA300E9B4BF /* ImagesSearch.app */,
			);
			name = Products;
			sourceTree = "<group>";
		};
		584F9D4F2A3A4CA300E9B4BF /* ImagesSearch */ = {
			isa = PBXGroup;
			children = (
				584F9D642A3A58DE00E9B4BF /* Applications */,
				584F9D692A3A6FEC00E9B4BF /* Extension */,
				58FE33662A755E97004C577D /* Enums */,
				58FE33782A756330004C577D /* CompositionalLayout */,
				5849C1E02A3F363D002F9C63 /* DataModel */,
				58FE33732A7560D5004C577D /* Network */,
				58FE337D2A756843004C577D /* View */,
				584F9D652A3A58F800E9B4BF /* Screens */,
				584F9D662A3A592C00E9B4BF /* Resources */,
			);
			path = ImagesSearch;
			sourceTree = "<group>";
		};
		584F9D642A3A58DE00E9B4BF /* Applications */ = {
			isa = PBXGroup;
			children = (
				584F9D502A3A4CA300E9B4BF /* AppDelegate.swift */,
				584F9D522A3A4CA300E9B4BF /* SceneDelegate.swift */,
			);
			path = Applications;
			sourceTree = "<group>";
		};
		584F9D652A3A58F800E9B4BF /* Screens */ = {
			isa = PBXGroup;
			children = (
				58FE337B2A75639E004C577D /* StartScreen */,
				58FE337C2A7566BC004C577D /* ListResultScreen */,
				58FE33802A756E9E004C577D /* DetailScreen */,
				58FE338B2A757482004C577D /* ZoomScreen */,
			);
			path = Screens;
			sourceTree = "<group>";
		};
		584F9D662A3A592C00E9B4BF /* Resources */ = {
			isa = PBXGroup;
			children = (
				584F9D592A3A4CA400E9B4BF /* Assets.xcassets */,
				584F9D5B2A3A4CA400E9B4BF /* LaunchScreen.storyboard */,
				584F9D5E2A3A4CA400E9B4BF /* Info.plist */,
			);
			path = Resources;
			sourceTree = "<group>";
		};
		584F9D692A3A6FEC00E9B4BF /* Extension */ = {
			isa = PBXGroup;
			children = (
				58FE336B2A755F96004C577D /* PaddedLabel.swift */,
				584F9D672A3A6FE600E9B4BF /* UIView+Extension.swift */,
				58FE336D2A755FE6004C577D /* TextField+Extension.swift */,
				587DF7D32A7EAD2200FED349 /* ViewController+Share.swift */,
				58FE33712A75609E004C577D /* String+Extention.swift */,
			);
			path = Extension;
			sourceTree = "<group>";
		};
		58FE33662A755E97004C577D /* Enums */ = {
			isa = PBXGroup;
			children = (
				58FE33672A755EDE004C577D /* SortModel.swift */,
				58FE33692A755F2E004C577D /* ImageConstants.swift */,
				58FE338E2A764DE2004C577D /* TitleConstants.swift */,
				207C8AD02A80E0E000E1B8A5 /* URLConstans.swift */,
			);
			path = Enums;
			sourceTree = "<group>";
		};
		58FE33732A7560D5004C577D /* Network */ = {
			isa = PBXGroup;
			children = (
				58FE33742A756115004C577D /* NetworkErrorsEnum.swift */,
				5849C1E22A3F36AD002F9C63 /* NetworkManager.swift */,
			);
			path = Network;
			sourceTree = "<group>";
		};
		58FE33782A756330004C577D /* CompositionalLayout */ = {
			isa = PBXGroup;
			children = (
				58FE33792A75635C004C577D /* CompositionalLayout.swift */,
			);
			path = CompositionalLayout;
			sourceTree = "<group>";
		};
		58FE337B2A75639E004C577D /* StartScreen */ = {
			isa = PBXGroup;
			children = (
				584F9D542A3A4CA300E9B4BF /* StartSaerchViewController.swift */,
				58FE33902A76B90B004C577D /* StartSearchVC+SortingMenu.swift */,
				58FE33922A76BC4B004C577D /* StartSearchVC+UIConfig.swift */,
			);
			path = StartScreen;
			sourceTree = "<group>";
		};
		58FE337C2A7566BC004C577D /* ListResultScreen */ = {
			isa = PBXGroup;
			children = (
				5849C1E82A3F7030002F9C63 /* FindPictureViewController.swift */,
				58FE33942A76BEE5004C577D /* FindPictVC + UIMenu.swift */,
				58FE33962A76C257004C577D /* FindPictVC + CollectionView.swift */,
				5849C1EA2A3F785F002F9C63 /* Cell */,
			);
			path = ListResultScreen;
			sourceTree = "<group>";
		};
		58FE337D2A756843004C577D /* View */ = {
			isa = PBXGroup;
			children = (
				58FE337E2A756892004C577D /* TopView.swift */,
			);
			path = View;
			sourceTree = "<group>";
		};
		58FE33802A756E9E004C577D /* DetailScreen */ = {
			isa = PBXGroup;
			children = (
				58FE33822A75701A004C577D /* ImagePageViewController.swift */,
				58FE33982A76CBB0004C577D /* ImagePageVC + UIMenu.swift */,
				58FE33882A7572A8004C577D /* Cell */,
				58FE33812A756F9E004C577D /* Views */,
			);
			path = DetailScreen;
			sourceTree = "<group>";
		};
		58FE33812A756F9E004C577D /* Views */ = {
			isa = PBXGroup;
			children = (
				58FE33842A75708D004C577D /* PreviewImageView.swift */,
				58FE33862A7570FE004C577D /* BottomCollectionView.swift */,
			);
			path = Views;
			sourceTree = "<group>";
		};
		58FE33882A7572A8004C577D /* Cell */ = {
			isa = PBXGroup;
			children = (
				58FE33892A7572DD004C577D /* BottomCollectionCell.swift */,
			);
			path = Cell;
			sourceTree = "<group>";
		};
		58FE338B2A757482004C577D /* ZoomScreen */ = {
			isa = PBXGroup;
			children = (
				58FE338C2A7574E7004C577D /* ZoomImageViewController.swift */,
			);
			path = ZoomScreen;
			sourceTree = "<group>";
		};
/* End PBXGroup section */

/* Begin PBXNativeTarget section */
		584F9D4C2A3A4CA300E9B4BF /* ImagesSearch */ = {
			isa = PBXNativeTarget;
			buildConfigurationList = 584F9D612A3A4CA400E9B4BF /* Build configuration list for PBXNativeTarget "ImagesSearch" */;
			buildPhases = (
				584F9D492A3A4CA300E9B4BF /* Sources */,
				584F9D4A2A3A4CA300E9B4BF /* Frameworks */,
				584F9D4B2A3A4CA300E9B4BF /* Resources */,
			);
			buildRules = (
			);
			dependencies = (
			);
			name = ImagesSearch;
			packageProductDependencies = (
				58AC38AB2A779AFC00D47006 /* SDWebImage */,
			);
			productName = ImagesSearch;
			productReference = 584F9D4D2A3A4CA300E9B4BF /* ImagesSearch.app */;
			productType = "com.apple.product-type.application";
		};
/* End PBXNativeTarget section */

/* Begin PBXProject section */
		584F9D452A3A4CA300E9B4BF /* Project object */ = {
			isa = PBXProject;
			attributes = {
				BuildIndependentTargetsInParallel = 1;
				LastSwiftUpdateCheck = 1420;
				LastUpgradeCheck = 1420;
				TargetAttributes = {
					584F9D4C2A3A4CA300E9B4BF = {
						CreatedOnToolsVersion = 14.2;
					};
				};
			};
			buildConfigurationList = 584F9D482A3A4CA300E9B4BF /* Build configuration list for PBXProject "ImagesSearch" */;
			compatibilityVersion = "Xcode 14.0";
			developmentRegion = en;
			hasScannedForEncodings = 0;
			knownRegions = (
				en,
				Base,
			);
			mainGroup = 584F9D442A3A4CA300E9B4BF;
			packageReferences = (
				58AC38AA2A779AFC00D47006 /* XCRemoteSwiftPackageReference "SDWebImage" */,
			);
			productRefGroup = 584F9D4E2A3A4CA300E9B4BF /* Products */;
			projectDirPath = "";
			projectRoot = "";
			targets = (
				584F9D4C2A3A4CA300E9B4BF /* ImagesSearch */,
			);
		};
/* End PBXProject section */

/* Begin PBXResourcesBuildPhase section */
		584F9D4B2A3A4CA300E9B4BF /* Resources */ = {
			isa = PBXResourcesBuildPhase;
			buildActionMask = 2147483647;
			files = (
				584F9D5D2A3A4CA400E9B4BF /* LaunchScreen.storyboard in Resources */,
				584F9D5A2A3A4CA400E9B4BF /* Assets.xcassets in Resources */,
			);
			runOnlyForDeploymentPostprocessing = 0;
		};
/* End PBXResourcesBuildPhase section */

/* Begin PBXSourcesBuildPhase section */
		584F9D492A3A4CA300E9B4BF /* Sources */ = {
			isa = PBXSourcesBuildPhase;
			buildActionMask = 2147483647;
			files = (
				587DF7D42A7EAD2300FED349 /* ViewController+Share.swift in Sources */,
				58FE33932A76BC4B004C577D /* StartSearchVC+UIConfig.swift in Sources */,
				58FE33852A75708D004C577D /* PreviewImageView.swift in Sources */,
				58FE338A2A7572DD004C577D /* BottomCollectionCell.swift in Sources */,
				5849C1E52A3F3B65002F9C63 /* ImagesData.swift in Sources */,
				58FE33992A76CBB0004C577D /* ImagePageVC + UIMenu.swift in Sources */,
				58FE338F2A764DE2004C577D /* TitleConstants.swift in Sources */,
				58FE33682A755EDE004C577D /* SortModel.swift in Sources */,
				5849C1E92A3F7030002F9C63 /* FindPictureViewController.swift in Sources */,
				58FE33832A75701A004C577D /* ImagePageViewController.swift in Sources */,
				58FE33972A76C257004C577D /* FindPictVC + CollectionView.swift in Sources */,
				58FE33952A76BEE5004C577D /* FindPictVC + UIMenu.swift in Sources */,
				58FE33722A75609E004C577D /* String+Extention.swift in Sources */,
				58FE336C2A755F96004C577D /* PaddedLabel.swift in Sources */,
				58FE336A2A755F2E004C577D /* ImageConstants.swift in Sources */,
				584F9D552A3A4CA300E9B4BF /* StartSaerchViewController.swift in Sources */,
				584F9D512A3A4CA300E9B4BF /* AppDelegate.swift in Sources */,
				58FE33912A76B90B004C577D /* StartSearchVC+SortingMenu.swift in Sources */,
				58C3B2602A44648900DB2776 /* RelatedCell.swift in Sources */,
				584F9D682A3A6FE600E9B4BF /* UIView+Extension.swift in Sources */,
				58FE336E2A755FE6004C577D /* TextField+Extension.swift in Sources */,
				58FE337F2A756892004C577D /* TopView.swift in Sources */,
				207C8AD12A80E0E000E1B8A5 /* URLConstans.swift in Sources */,
				58C3B25E2A44642C00DB2776 /* HeaderCollectionView.swift in Sources */,
				58FE33752A756115004C577D /* NetworkErrorsEnum.swift in Sources */,
				5849C1EC2A3F789C002F9C63 /* ImageCell.swift in Sources */,
				584F9D532A3A4CA300E9B4BF /* SceneDelegate.swift in Sources */,
				5849C1E32A3F36AD002F9C63 /* NetworkManager.swift in Sources */,
				58FE33872A7570FE004C577D /* BottomCollectionView.swift in Sources */,
				58FE338D2A7574E7004C577D /* ZoomImageViewController.swift in Sources */,
				58FE337A2A75635C004C577D /* CompositionalLayout.swift in Sources */,
			);
			runOnlyForDeploymentPostprocessing = 0;
		};
/* End PBXSourcesBuildPhase section */

/* Begin PBXVariantGroup section */
		584F9D5B2A3A4CA400E9B4BF /* LaunchScreen.storyboard */ = {
			isa = PBXVariantGroup;
			children = (
				584F9D5C2A3A4CA400E9B4BF /* Base */,
			);
			name = LaunchScreen.storyboard;
			sourceTree = "<group>";
		};
/* End PBXVariantGroup section */

/* Begin XCBuildConfiguration section */
		584F9D5F2A3A4CA400E9B4BF /* Debug */ = {
			isa = XCBuildConfiguration;
			buildSettings = {
				ALWAYS_SEARCH_USER_PATHS = NO;
				CLANG_ANALYZER_NONNULL = YES;
				CLANG_ANALYZER_NUMBER_OBJECT_CONVERSION = YES_AGGRESSIVE;
				CLANG_CXX_LANGUAGE_STANDARD = "gnu++20";
				CLANG_ENABLE_MODULES = YES;
				CLANG_ENABLE_OBJC_ARC = YES;
				CLANG_ENABLE_OBJC_WEAK = YES;
				CLANG_WARN_BLOCK_CAPTURE_AUTORELEASING = YES;
				CLANG_WARN_BOOL_CONVERSION = YES;
				CLANG_WARN_COMMA = YES;
				CLANG_WARN_CONSTANT_CONVERSION = YES;
				CLANG_WARN_DEPRECATED_OBJC_IMPLEMENTATIONS = YES;
				CLANG_WARN_DIRECT_OBJC_ISA_USAGE = YES_ERROR;
				CLANG_WARN_DOCUMENTATION_COMMENTS = YES;
				CLANG_WARN_EMPTY_BODY = YES;
				CLANG_WARN_ENUM_CONVERSION = YES;
				CLANG_WARN_INFINITE_RECURSION = YES;
				CLANG_WARN_INT_CONVERSION = YES;
				CLANG_WARN_NON_LITERAL_NULL_CONVERSION = YES;
				CLANG_WARN_OBJC_IMPLICIT_RETAIN_SELF = YES;
				CLANG_WARN_OBJC_LITERAL_CONVERSION = YES;
				CLANG_WARN_OBJC_ROOT_CLASS = YES_ERROR;
				CLANG_WARN_QUOTED_INCLUDE_IN_FRAMEWORK_HEADER = YES;
				CLANG_WARN_RANGE_LOOP_ANALYSIS = YES;
				CLANG_WARN_STRICT_PROTOTYPES = YES;
				CLANG_WARN_SUSPICIOUS_MOVE = YES;
				CLANG_WARN_UNGUARDED_AVAILABILITY = YES_AGGRESSIVE;
				CLANG_WARN_UNREACHABLE_CODE = YES;
				CLANG_WARN__DUPLICATE_METHOD_MATCH = YES;
				COPY_PHASE_STRIP = NO;
				DEBUG_INFORMATION_FORMAT = dwarf;
				ENABLE_STRICT_OBJC_MSGSEND = YES;
				ENABLE_TESTABILITY = YES;
				GCC_C_LANGUAGE_STANDARD = gnu11;
				GCC_DYNAMIC_NO_PIC = NO;
				GCC_NO_COMMON_BLOCKS = YES;
				GCC_OPTIMIZATION_LEVEL = 0;
				GCC_PREPROCESSOR_DEFINITIONS = (
					"DEBUG=1",
					"$(inherited)",
				);
				GCC_WARN_64_TO_32_BIT_CONVERSION = YES;
				GCC_WARN_ABOUT_RETURN_TYPE = YES_ERROR;
				GCC_WARN_UNDECLARED_SELECTOR = YES;
				GCC_WARN_UNINITIALIZED_AUTOS = YES_AGGRESSIVE;
				GCC_WARN_UNUSED_FUNCTION = YES;
				GCC_WARN_UNUSED_VARIABLE = YES;
				IPHONEOS_DEPLOYMENT_TARGET = 16.2;
				MTL_ENABLE_DEBUG_INFO = INCLUDE_SOURCE;
				MTL_FAST_MATH = YES;
				ONLY_ACTIVE_ARCH = YES;
				SDKROOT = iphoneos;
				SWIFT_ACTIVE_COMPILATION_CONDITIONS = DEBUG;
				SWIFT_OPTIMIZATION_LEVEL = "-Onone";
			};
			name = Debug;
		};
		584F9D602A3A4CA400E9B4BF /* Release */ = {
			isa = XCBuildConfiguration;
			buildSettings = {
				ALWAYS_SEARCH_USER_PATHS = NO;
				CLANG_ANALYZER_NONNULL = YES;
				CLANG_ANALYZER_NUMBER_OBJECT_CONVERSION = YES_AGGRESSIVE;
				CLANG_CXX_LANGUAGE_STANDARD = "gnu++20";
				CLANG_ENABLE_MODULES = YES;
				CLANG_ENABLE_OBJC_ARC = YES;
				CLANG_ENABLE_OBJC_WEAK = YES;
				CLANG_WARN_BLOCK_CAPTURE_AUTORELEASING = YES;
				CLANG_WARN_BOOL_CONVERSION = YES;
				CLANG_WARN_COMMA = YES;
				CLANG_WARN_CONSTANT_CONVERSION = YES;
				CLANG_WARN_DEPRECATED_OBJC_IMPLEMENTATIONS = YES;
				CLANG_WARN_DIRECT_OBJC_ISA_USAGE = YES_ERROR;
				CLANG_WARN_DOCUMENTATION_COMMENTS = YES;
				CLANG_WARN_EMPTY_BODY = YES;
				CLANG_WARN_ENUM_CONVERSION = YES;
				CLANG_WARN_INFINITE_RECURSION = YES;
				CLANG_WARN_INT_CONVERSION = YES;
				CLANG_WARN_NON_LITERAL_NULL_CONVERSION = YES;
				CLANG_WARN_OBJC_IMPLICIT_RETAIN_SELF = YES;
				CLANG_WARN_OBJC_LITERAL_CONVERSION = YES;
				CLANG_WARN_OBJC_ROOT_CLASS = YES_ERROR;
				CLANG_WARN_QUOTED_INCLUDE_IN_FRAMEWORK_HEADER = YES;
				CLANG_WARN_RANGE_LOOP_ANALYSIS = YES;
				CLANG_WARN_STRICT_PROTOTYPES = YES;
				CLANG_WARN_SUSPICIOUS_MOVE = YES;
				CLANG_WARN_UNGUARDED_AVAILABILITY = YES_AGGRESSIVE;
				CLANG_WARN_UNREACHABLE_CODE = YES;
				CLANG_WARN__DUPLICATE_METHOD_MATCH = YES;
				COPY_PHASE_STRIP = NO;
				DEBUG_INFORMATION_FORMAT = "dwarf-with-dsym";
				ENABLE_NS_ASSERTIONS = NO;
				ENABLE_STRICT_OBJC_MSGSEND = YES;
				GCC_C_LANGUAGE_STANDARD = gnu11;
				GCC_NO_COMMON_BLOCKS = YES;
				GCC_WARN_64_TO_32_BIT_CONVERSION = YES;
				GCC_WARN_ABOUT_RETURN_TYPE = YES_ERROR;
				GCC_WARN_UNDECLARED_SELECTOR = YES;
				GCC_WARN_UNINITIALIZED_AUTOS = YES_AGGRESSIVE;
				GCC_WARN_UNUSED_FUNCTION = YES;
				GCC_WARN_UNUSED_VARIABLE = YES;
				IPHONEOS_DEPLOYMENT_TARGET = 16.2;
				MTL_ENABLE_DEBUG_INFO = NO;
				MTL_FAST_MATH = YES;
				SDKROOT = iphoneos;
				SWIFT_COMPILATION_MODE = wholemodule;
				SWIFT_OPTIMIZATION_LEVEL = "-O";
				VALIDATE_PRODUCT = YES;
			};
			name = Release;
		};
		584F9D622A3A4CA400E9B4BF /* Debug */ = {
			isa = XCBuildConfiguration;
			buildSettings = {
				ASSETCATALOG_COMPILER_APPICON_NAME = AppIcon;
				ASSETCATALOG_COMPILER_GLOBAL_ACCENT_COLOR_NAME = AccentColor;
				CODE_SIGN_STYLE = Automatic;
				CURRENT_PROJECT_VERSION = 1;
				GENERATE_INFOPLIST_FILE = YES;
				INFOPLIST_FILE = ImagesSearch/Resources/Info.plist;
				INFOPLIST_KEY_UIApplicationSupportsIndirectInputEvents = YES;
				INFOPLIST_KEY_UILaunchStoryboardName = LaunchScreen;
				INFOPLIST_KEY_UISupportedInterfaceOrientations_iPad = "UIInterfaceOrientationPortrait UIInterfaceOrientationPortraitUpsideDown UIInterfaceOrientationLandscapeLeft UIInterfaceOrientationLandscapeRight";
				INFOPLIST_KEY_UISupportedInterfaceOrientations_iPhone = "UIInterfaceOrientationPortrait UIInterfaceOrientationLandscapeLeft UIInterfaceOrientationLandscapeRight";
				LD_RUNPATH_SEARCH_PATHS = (
					"$(inherited)",
					"@executable_path/Frameworks",
				);
				MARKETING_VERSION = 1.0;
				PRODUCT_BUNDLE_IDENTIFIER = sov.ImagesSearch;
				PRODUCT_NAME = "$(TARGET_NAME)";
				SWIFT_EMIT_LOC_STRINGS = YES;
				SWIFT_VERSION = 5.0;
				TARGETED_DEVICE_FAMILY = "1,2";
			};
			name = Debug;
		};
		584F9D632A3A4CA400E9B4BF /* Release */ = {
			isa = XCBuildConfiguration;
			buildSettings = {
				ASSETCATALOG_COMPILER_APPICON_NAME = AppIcon;
				ASSETCATALOG_COMPILER_GLOBAL_ACCENT_COLOR_NAME = AccentColor;
				CODE_SIGN_STYLE = Automatic;
				CURRENT_PROJECT_VERSION = 1;
				GENERATE_INFOPLIST_FILE = YES;
				INFOPLIST_FILE = ImagesSearch/Resources/Info.plist;
				INFOPLIST_KEY_UIApplicationSupportsIndirectInputEvents = YES;
				INFOPLIST_KEY_UILaunchStoryboardName = LaunchScreen;
				INFOPLIST_KEY_UISupportedInterfaceOrientations_iPad = "UIInterfaceOrientationPortrait UIInterfaceOrientationPortraitUpsideDown UIInterfaceOrientationLandscapeLeft UIInterfaceOrientationLandscapeRight";
				INFOPLIST_KEY_UISupportedInterfaceOrientations_iPhone = "UIInterfaceOrientationPortrait UIInterfaceOrientationLandscapeLeft UIInterfaceOrientationLandscapeRight";
				LD_RUNPATH_SEARCH_PATHS = (
					"$(inherited)",
					"@executable_path/Frameworks",
				);
				MARKETING_VERSION = 1.0;
				PRODUCT_BUNDLE_IDENTIFIER = sov.ImagesSearch;
				PRODUCT_NAME = "$(TARGET_NAME)";
				SWIFT_EMIT_LOC_STRINGS = YES;
				SWIFT_VERSION = 5.0;
				TARGETED_DEVICE_FAMILY = "1,2";
			};
			name = Release;
		};
/* End XCBuildConfiguration section */

/* Begin XCConfigurationList section */
		584F9D482A3A4CA300E9B4BF /* Build configuration list for PBXProject "ImagesSearch" */ = {
			isa = XCConfigurationList;
			buildConfigurations = (
				584F9D5F2A3A4CA400E9B4BF /* Debug */,
				584F9D602A3A4CA400E9B4BF /* Release */,
			);
			defaultConfigurationIsVisible = 0;
			defaultConfigurationName = Release;
		};
		584F9D612A3A4CA400E9B4BF /* Build configuration list for PBXNativeTarget "ImagesSearch" */ = {
			isa = XCConfigurationList;
			buildConfigurations = (
				584F9D622A3A4CA400E9B4BF /* Debug */,
				584F9D632A3A4CA400E9B4BF /* Release */,
			);
			defaultConfigurationIsVisible = 0;
			defaultConfigurationName = Release;
		};
/* End XCConfigurationList section */

/* Begin XCRemoteSwiftPackageReference section */
		58AC38AA2A779AFC00D47006 /* XCRemoteSwiftPackageReference "SDWebImage" */ = {
			isa = XCRemoteSwiftPackageReference;
			repositoryURL = "https://github.com/SDWebImage/SDWebImage";
			requirement = {
				kind = upToNextMajorVersion;
				minimumVersion = 5.0.0;
			};
		};
/* End XCRemoteSwiftPackageReference section */

/* Begin XCSwiftPackageProductDependency section */
		58AC38AB2A779AFC00D47006 /* SDWebImage */ = {
			isa = XCSwiftPackageProductDependency;
			package = 58AC38AA2A779AFC00D47006 /* XCRemoteSwiftPackageReference "SDWebImage" */;
			productName = SDWebImage;
		};
/* End XCSwiftPackageProductDependency section */
	};
	rootObject = 584F9D452A3A4CA300E9B4BF /* Project object */;
}
