{
  "pins" : [
    {
      "identity" : "sdwebimage",
      "kind" : "remoteSourceControl",
      "location" : "https://github.com/SDWebImage/SDWebImage",
      "state" : {
        "revision" : "633996a807442ec28df9d33b0f88ce57a0e2fdbf",
        "version" : "5.17.0"
      }
    },
    {
      "identity" : "tocropviewcontroller",
      "kind" : "remoteSourceControl",
      "location" : "https://github.com/yuraSud/TOCropViewController.git",
      "state" : {
        "branch" : "main",
        "revision" : "0e6f787c1b714c7f338c2397989519351926a5ef"
      }
    }
  ],
  "version" : 2
}
