{
  "pins" : [
    {
      "identity" : "sdwebimage",
      "kind" : "remoteSourceControl",
      "location" : "https://github.com/SDWebImage/SDWebImage",
      "state" : {
        "revision" : "633996a807442ec28df9d33b0f88ce57a0e2fdbf",
        "version" : "5.17.0"
      }
    },
    {
      "identity" : "tocropviewcontroller",
      "kind" : "remoteSourceControl",
      "location" : "https://github.com/olhaSabadina/TOCropViewController",
      "state" : {
        "branch" : "main",
        "revision" : "105f6d2d2d213c05b9179a8d34256e964baac612"
      }
    }
  ],
  "version" : 2
}
